
Microsoft Visual Studio Solution File, Format Version 11.00
# Visual Studio 2010
Project("{FAE04EC0-301F-11D3-BF4B-00C04F79EFBC}") = "Assembly-CSharp", "Assembly-CSharp.csproj", "{E3EDD44E-E85A-B642-1713-B1D0D23F4D2D}"
EndProject
Project("{FAE04EC0-301F-11D3-BF4B-00C04F79EFBC}") = "Assembly-CSharp-firstpass", "Assembly-CSharp-firstpass.csproj", "{A5896F89-FFD9-78D6-5412-E4F488D8B864}"
EndProject
Project("{FAE04EC0-301F-11D3-BF4B-00C04F79EFBC}") = "Assembly-CSharp-Editor-firstpass", "Assembly-CSharp-Editor-firstpass.csproj", "{4CBA4188-F70B-2F4F-A30A-A4728C882950}"
EndProject
Global
	GlobalSection(SolutionConfigurationPlatforms) = preSolution
		Debug|Any CPU = Debug|Any CPU
		Release|Any CPU = Release|Any CPU
	EndGlobalSection
	GlobalSection(ProjectConfigurationPlatforms) = postSolution
		{E3EDD44E-E85A-B642-1713-B1D0D23F4D2D}.Debug|Any CPU.ActiveCfg = Debug|Any CPU
		{E3EDD44E-E85A-B642-1713-B1D0D23F4D2D}.Debug|Any CPU.Build.0 = Debug|Any CPU
		{E3EDD44E-E85A-B642-1713-B1D0D23F4D2D}.Release|Any CPU.ActiveCfg = Release|Any CPU
		{E3EDD44E-E85A-B642-1713-B1D0D23F4D2D}.Release|Any CPU.Build.0 = Release|Any CPU
		{A5896F89-FFD9-78D6-5412-E4F488D8B864}.Debug|Any CPU.ActiveCfg = Debug|Any CPU
		{A5896F89-FFD9-78D6-5412-E4F488D8B864}.Debug|Any CPU.Build.0 = Debug|Any CPU
		{A5896F89-FFD9-78D6-5412-E4F488D8B864}.Release|Any CPU.ActiveCfg = Release|Any CPU
		{A5896F89-FFD9-78D6-5412-E4F488D8B864}.Release|Any CPU.Build.0 = Release|Any CPU
		{4CBA4188-F70B-2F4F-A30A-A4728C882950}.Debug|Any CPU.ActiveCfg = Debug|Any CPU
		{4CBA4188-F70B-2F4F-A30A-A4728C882950}.Debug|Any CPU.Build.0 = Debug|Any CPU
		{4CBA4188-F70B-2F4F-A30A-A4728C882950}.Release|Any CPU.ActiveCfg = Release|Any CPU
		{4CBA4188-F70B-2F4F-A30A-A4728C882950}.Release|Any CPU.Build.0 = Release|Any CPU
	EndGlobalSection
	GlobalSection(SolutionProperties) = preSolution
		HideSolutionNode = FALSE
	EndGlobalSection
	GlobalSection(MonoDevelopProperties) = preSolution
		StartupItem = Assembly-CSharp.csproj
	EndGlobalSection
EndGlobal
